// !$*UTF8*$!
{
	archiveVersion = 1;
	classes = {
	};
	objectVersion = 46;
	objects = {

/* Begin PBXBuildFile section */
		7AFEA1CE1E9C4E4700D46690 /* AppDelegate.swift in Sources */ = {isa = PBXBuildFile; fileRef = 7AFEA1CD1E9C4E4700D46690 /* AppDelegate.swift */; };
		7AFEA1D01E9C4E4700D46690 /* ViewController.swift in Sources */ = {isa = PBXBuildFile; fileRef = 7AFEA1CF1E9C4E4700D46690 /* ViewController.swift */; };
		7AFEA1D31E9C4E4700D46690 /* Main.storyboard in Resources */ = {isa = PBXBuildFile; fileRef = 7AFEA1D11E9C4E4700D46690 /* Main.storyboard */; };
		7AFEA1D51E9C4E4700D46690 /* Assets.xcassets in Resources */ = {isa = PBXBuildFile; fileRef = 7AFEA1D41E9C4E4700D46690 /* Assets.xcassets */; };
		7AFEA1D81E9C4E4700D46690 /* LaunchScreen.storyboard in Resources */ = {isa = PBXBuildFile; fileRef = 7AFEA1D61E9C4E4700D46690 /* LaunchScreen.storyboard */; };
/* End PBXBuildFile section */

/* Begin PBXFileReference section */
		7AFEA1CA1E9C4E4700D46690 /* FoodTracker.app */ = {isa = PBXFileReference; explicitFileType = wrapper.application; includeInIndex = 0; path = FoodTracker.app; sourceTree = BUILT_PRODUCTS_DIR; };
		7AFEA1CD1E9C4E4700D46690 /* AppDelegate.swift */ = {isa = PBXFileReference; lastKnownFileType = sourcecode.swift; path = AppDelegate.swift; sourceTree = "<group>"; };
		7AFEA1CF1E9C4E4700D46690 /* ViewController.swift */ = {isa = PBXFileReference; lastKnownFileType = sourcecode.swift; path = ViewController.swift; sourceTree = "<group>"; };
		7AFEA1D21E9C4E4700D46690 /* Base */ = {isa = PBXFileReference; lastKnownFileType = file.storyboard; name = Base; path = Base.lproj/Main.storyboard; sourceTree = "<group>"; };
		7AFEA1D41E9C4E4700D46690 /* Assets.xcassets */ = {isa = PBXFileReference; lastKnownFileType = folder.assetcatalog; path = Assets.xcassets; sourceTree = "<group>"; };
		7AFEA1D71E9C4E4700D46690 /* Base */ = {isa = PBXFileReference; lastKnownFileType = file.storyboard; name = Base; path = Base.lproj/LaunchScreen.storyboard; sourceTree = "<group>"; };
		7AFEA1D91E9C4E4700D46690 /* Info.plist */ = {isa = PBXFileReference; lastKnownFileType = text.plist.xml; path = Info.plist; sourceTree = "<group>"; };
/* End PBXFileReference section */

/* Begin PBXFrameworksBuildPhase section */
		7AFEA1C71E9C4E4700D46690 /* Frameworks */ = {
			isa = PBXFrameworksBuildPhase;
			buildActionMask = 2147483647;
			files = (
			);
			runOnlyForDeploymentPostprocessing = 0;
		};
/* End PBXFrameworksBuildPhase section */

/* Begin PBXGroup section */
		7AFEA1C11E9C4E4700D46690 = {
			isa = PBXGroup;
			children = (
				7AFEA1CC1E9C4E4700D46690 /* FoodTracker */,
				7AFEA1CB1E9C4E4700D46690 /* Products */,
			);
			sourceTree = "<group>";
		};
		7AFEA1CB1E9C4E4700D46690 /* Products */ = {
			isa = PBXGroup;
			children = (
				7AFEA1CA1E9C4E4700D46690 /* FoodTracker.app */,
			);
			name = Products;
			sourceTree = "<group>";
		};
		7AFEA1CC1E9C4E4700D46690 /* FoodTracker */ = {
			isa = PBXGroup;
			children = (
				7AFEA1CD1E9C4E4700D46690 /* AppDelegate.swift */,
				7AFEA1CF1E9C4E4700D46690 /* ViewController.swift */,
				7AFEA1D11E9C4E4700D46690 /* Main.storyboard */,
				7AFEA1D41E9C4E4700D46690 /* Assets.xcassets */,
				7AFEA1D61E9C4E4700D46690 /* LaunchScreen.storyboard */,
				7AFEA1D91E9C4E4700D46690 /* Info.plist */,
			);
			path = FoodTracker;
			sourceTree = "<group>";
		};
/* End PBXGroup section */

/* Begin PBXNativeTarget section */
		7AFEA1C91E9C4E4700D46690 /* FoodTracker */ = {
			isa = PBXNativeTarget;
			buildConfigurationList = 7AFEA1DC1E9C4E4700D46690 /* Build configuration list for PBXNativeTarget "FoodTracker" */;
			buildPhases = (
				7AFEA1C61E9C4E4700D46690 /* Sources */,
				7AFEA1C71E9C4E4700D46690 /* Frameworks */,
				7AFEA1C81E9C4E4700D46690 /* Resources */,
			);
			buildRules = (
			);
			dependencies = (
			);
			name = FoodTracker;
			productName = FoodTracker;
			productReference = 7AFEA1CA1E9C4E4700D46690 /* FoodTracker.app */;
			productType = "com.apple.product-type.application";
		};
/* End PBXNativeTarget section */

/* Begin PBXProject section */
		7AFEA1C21E9C4E4700D46690 /* Project object */ = {
			isa = PBXProject;
			attributes = {
				LastSwiftUpdateCheck = 0830;
				LastUpgradeCheck = 0830;
				ORGANIZATIONNAME = "Hudson Pereira";
				TargetAttributes = {
					7AFEA1C91E9C4E4700D46690 = {
						CreatedOnToolsVersion = 8.3;
						ProvisioningStyle = Automatic;
					};
				};
			};
			buildConfigurationList = 7AFEA1C51E9C4E4700D46690 /* Build configuration list for PBXProject "FoodTracker" */;
			compatibilityVersion = "Xcode 3.2";
			developmentRegion = English;
			hasScannedForEncodings = 0;
			knownRegions = (
				en,
				Base,
			);
			mainGroup = 7AFEA1C11E9C4E4700D46690;
			productRefGroup = 7AFEA1CB1E9C4E4700D46690 /* Products */;
			projectDirPath = "";
			projectRoot = "";
			targets = (
				7AFEA1C91E9C4E4700D46690 /* FoodTracker */,
			);
		};
/* End PBXProject section */

/* Begin PBXResourcesBuildPhase section */
		7AFEA1C81E9C4E4700D46690 /* Resources */ = {
			isa = PBXResourcesBuildPhase;
			buildActionMask = 2147483647;
			files = (
				7AFEA1D81E9C4E4700D46690 /* LaunchScreen.storyboard in Resources */,
				7AFEA1D51E9C4E4700D46690 /* Assets.xcassets in Resources */,
				7AFEA1D31E9C4E4700D46690 /* Main.storyboard in Resources */,
			);
			runOnlyForDeploymentPostprocessing = 0;
		};
/* End PBXResourcesBuildPhase section */

/* Begin PBXSourcesBuildPhase section */
		7AFEA1C61E9C4E4700D46690 /* Sources */ = {
			isa = PBXSourcesBuildPhase;
			buildActionMask = 2147483647;
			files = (
				7AFEA1D01E9C4E4700D46690 /* ViewController.swift in Sources */,
				7AFEA1CE1E9C4E4700D46690 /* AppDelegate.swift in Sources */,
			);
			runOnlyForDeploymentPostprocessing = 0;
		};
/* End PBXSourcesBuildPhase section */

/* Begin PBXVariantGroup section */
		7AFEA1D11E9C4E4700D46690 /* Main.storyboard */ = {
			isa = PBXVariantGroup;
			children = (
				7AFEA1D21E9C4E4700D46690 /* Base */,
			);
			name = Main.storyboard;
			sourceTree = "<group>";
		};
		7AFEA1D61E9C4E4700D46690 /* LaunchScreen.storyboard */ = {
			isa = PBXVariantGroup;
			children = (
				7AFEA1D71E9C4E4700D46690 /* Base */,
			);
			name = LaunchScreen.storyboard;
			sourceTree = "<group>";
		};
/* End PBXVariantGroup section */

/* Begin XCBuildConfiguration section */
		7AFEA1DA1E9C4E4700D46690 /* Debug */ = {
			isa = XCBuildConfiguration;
			buildSettings = {
				ALWAYS_SEARCH_USER_PATHS = NO;
				CLANG_ANALYZER_NONNULL = YES;
				CLANG_ANALYZER_NUMBER_OBJECT_CONVERSION = YES_AGGRESSIVE;
				CLANG_CXX_LANGUAGE_STANDARD = "gnu++0x";
				CLANG_CXX_LIBRARY = "libc++";
				CLANG_ENABLE_MODULES = YES;
				CLANG_ENABLE_OBJC_ARC = YES;
				CLANG_WARN_BOOL_CONVERSION = YES;
				CLANG_WARN_CONSTANT_CONVERSION = YES;
				CLANG_WARN_DIRECT_OBJC_ISA_USAGE = YES_ERROR;
				CLANG_WARN_DOCUMENTATION_COMMENTS = YES;
				CLANG_WARN_EMPTY_BODY = YES;
				CLANG_WARN_ENUM_CONVERSION = YES;
				CLANG_WARN_INFINITE_RECURSION = YES;
				CLANG_WARN_INT_CONVERSION = YES;
				CLANG_WARN_OBJC_ROOT_CLASS = YES_ERROR;
				CLANG_WARN_SUSPICIOUS_MOVE = YES;
				CLANG_WARN_UNREACHABLE_CODE = YES;
				CLANG_WARN__DUPLICATE_METHOD_MATCH = YES;
				"CODE_SIGN_IDENTITY[sdk=iphoneos*]" = "iPhone Developer";
				COPY_PHASE_STRIP = NO;
				DEBUG_INFORMATION_FORMAT = dwarf;
				ENABLE_STRICT_OBJC_MSGSEND = YES;
				ENABLE_TESTABILITY = YES;
				GCC_C_LANGUAGE_STANDARD = gnu99;
				GCC_DYNAMIC_NO_PIC = NO;
				GCC_NO_COMMON_BLOCKS = YES;
				GCC_OPTIMIZATION_LEVEL = 0;
				GCC_PREPROCESSOR_DEFINITIONS = (
					"DEBUG=1",
					"$(inherited)",
				);
				GCC_WARN_64_TO_32_BIT_CONVERSION = YES;
				GCC_WARN_ABOUT_RETURN_TYPE = YES_ERROR;
				GCC_WARN_UNDECLARED_SELECTOR = YES;
				GCC_WARN_UNINITIALIZED_AUTOS = YES_AGGRESSIVE;
				GCC_WARN_UNUSED_FUNCTION = YES;
				GCC_WARN_UNUSED_VARIABLE = YES;
				IPHONEOS_DEPLOYMENT_TARGET = 10.3;
				MTL_ENABLE_DEBUG_INFO = YES;
				ONLY_ACTIVE_ARCH = YES;
				SDKROOT = iphoneos;
				SWIFT_ACTIVE_COMPILATION_CONDITIONS = DEBUG;
				SWIFT_OPTIMIZATION_LEVEL = "-Onone";
			};
			name = Debug;
		};
		7AFEA1DB1E9C4E4700D46690 /* Release */ = {
			isa = XCBuildConfiguration;
			buildSettings = {
				ALWAYS_SEARCH_USER_PATHS = NO;
				CLANG_ANALYZER_NONNULL = YES;
				CLANG_ANALYZER_NUMBER_OBJECT_CONVERSION = YES_AGGRESSIVE;
				CLANG_CXX_LANGUAGE_STANDARD = "gnu++0x";
				CLANG_CXX_LIBRARY = "libc++";
				CLANG_ENABLE_MODULES = YES;
				CLANG_ENABLE_OBJC_ARC = YES;
				CLANG_WARN_BOOL_CONVERSION = YES;
				CLANG_WARN_CONSTANT_CONVERSION = YES;
				CLANG_WARN_DIRECT_OBJC_ISA_USAGE = YES_ERROR;
				CLANG_WARN_DOCUMENTATION_COMMENTS = YES;
				CLANG_WARN_EMPTY_BODY = YES;
				CLANG_WARN_ENUM_CONVERSION = YES;
				CLANG_WARN_INFINITE_RECURSION = YES;
				CLANG_WARN_INT_CONVERSION = YES;
				CLANG_WARN_OBJC_ROOT_CLASS = YES_ERROR;
				CLANG_WARN_SUSPICIOUS_MOVE = YES;
				CLANG_WARN_UNREACHABLE_CODE = YES;
				CLANG_WARN__DUPLICATE_METHOD_MATCH = YES;
				"CODE_SIGN_IDENTITY[sdk=iphoneos*]" = "iPhone Developer";
				COPY_PHASE_STRIP = NO;
				DEBUG_INFORMATION_FORMAT = "dwarf-with-dsym";
				ENABLE_NS_ASSERTIONS = NO;
				ENABLE_STRICT_OBJC_MSGSEND = YES;
				GCC_C_LANGUAGE_STANDARD = gnu99;
				GCC_NO_COMMON_BLOCKS = YES;
				GCC_WARN_64_TO_32_BIT_CONVERSION = YES;
				GCC_WARN_ABOUT_RETURN_TYPE = YES_ERROR;
				GCC_WARN_UNDECLARED_SELECTOR = YES;
				GCC_WARN_UNINITIALIZED_AUTOS = YES_AGGRESSIVE;
				GCC_WARN_UNUSED_FUNCTION = YES;
				GCC_WARN_UNUSED_VARIABLE = YES;
				IPHONEOS_DEPLOYMENT_TARGET = 10.3;
				MTL_ENABLE_DEBUG_INFO = NO;
				SDKROOT = iphoneos;
				SWIFT_OPTIMIZATION_LEVEL = "-Owholemodule";
				VALIDATE_PRODUCT = YES;
			};
			name = Release;
		};
		7AFEA1DD1E9C4E4700D46690 /* Debug */ = {
			isa = XCBuildConfiguration;
			buildSettings = {
				ASSETCATALOG_COMPILER_APPICON_NAME = AppIcon;
				INFOPLIST_FILE = FoodTracker/Info.plist;
				LD_RUNPATH_SEARCH_PATHS = "$(inherited) @executable_path/Frameworks";
				PRODUCT_BUNDLE_IDENTIFIER = me.hudsonpereira.FoodTracker;
				PRODUCT_NAME = "$(TARGET_NAME)";
				SWIFT_VERSION = 3.0;
			};
			name = Debug;
		};
		7AFEA1DE1E9C4E4700D46690 /* Release */ = {
			isa = XCBuildConfiguration;
			buildSettings = {
				ASSETCATALOG_COMPILER_APPICON_NAME = AppIcon;
				INFOPLIST_FILE = FoodTracker/Info.plist;
				LD_RUNPATH_SEARCH_PATHS = "$(inherited) @executable_path/Frameworks";
				PRODUCT_BUNDLE_IDENTIFIER = me.hudsonpereira.FoodTracker;
				PRODUCT_NAME = "$(TARGET_NAME)";
				SWIFT_VERSION = 3.0;
			};
			name = Release;
		};
/* End XCBuildConfiguration section */

/* Begin XCConfigurationList section */
		7AFEA1C51E9C4E4700D46690 /* Build configuration list for PBXProject "FoodTracker" */ = {
			isa = XCConfigurationList;
			buildConfigurations = (
				7AFEA1DA1E9C4E4700D46690 /* Debug */,
				7AFEA1DB1E9C4E4700D46690 /* Release */,
			);
			defaultConfigurationIsVisible = 0;
			defaultConfigurationName = Release;
		};
		7AFEA1DC1E9C4E4700D46690 /* Build configuration list for PBXNativeTarget "FoodTracker" */ = {
			isa = XCConfigurationList;
			buildConfigurations = (
				7AFEA1DD1E9C4E4700D46690 /* Debug */,
				7AFEA1DE1E9C4E4700D46690 /* Release */,
			);
			defaultConfigurationIsVisible = 0;
		};
/* End XCConfigurationList section */
	};
	rootObject = 7AFEA1C21E9C4E4700D46690 /* Project object */;
}
